{
  "requires": true,
  "lockfileVersion": 1,
  "dependencies": {
    "@react-native-community/masked-view": {
      "version": "0.1.9",
      "resolved": "https://registry.npmjs.org/@react-native-community/masked-view/-/masked-view-0.1.9.tgz",
      "integrity": "sha512-nUtzbiLeXU0K9oVed6rc/WVrjGJwDSL4q1RTDkpZYU4j0FeovfuzcNUIDesD2r728LYfIop+uAgQdm+6qBOCug=="
    }
  }
}
